
Microsoft Visual Studio Solution File, Format Version 12.00
# Visual Studio Version 17
VisualStudioVersion = 17.0.31717.71
MinimumVisualStudioVersion = 10.0.40219.1
Project("{9A19103F-16F7-4668-BE54-9A1E7A4F7556}") = "Wasm.JSInterop", "Wasm.JSInterop\Wasm.JSInterop.csproj", "{619E2020-0895-47BA-8BA5-295A51078068}"
EndProject
Project("{9A19103F-16F7-4668-BE54-9A1E7A4F7556}") = "Wasm.Dom", "Wasm.Dom\Wasm.Dom.csproj", "{91D886B5-8FA5-4550-8DFF-9C768F4E4222}"
EndProject
Project("{9A19103F-16F7-4668-BE54-9A1E7A4F7556}") = "Wasm.Canvas", "Wasm.Canvas\Wasm.Canvas.csproj", "{35C2CDBB-25C8-4686-BD3D-E38F8FD9FCFB}"
EndProject
Project("{FAE04EC0-301F-11D3-BF4B-00C04F79EFBC}") = "Wasm.Clipboard", "Wasm.Clipboard\Wasm.Clipboard.csproj", "{FEDEDB57-5A62-8167-46B7-4B294AD61B6B}"
EndProject
Project("{9A19103F-16F7-4668-BE54-9A1E7A4F7556}") = "Wasm.XHR", "Wasm.XHR\Wasm.XHR.csproj", "{0BE3D70C-A8E1-4EB6-8BEB-20E144534260}"
EndProject
Project("{9A19103F-16F7-4668-BE54-9A1E7A4F7556}") = "Wasm.Audio", "Wasm.Audio\Wasm.Audio.csproj", "{82123812-2A24-4683-A470-89DE71431D28}"
EndProject
Project("{9A19103F-16F7-4668-BE54-9A1E7A4F7556}") = "Wasm.XR", "Wasm.XR\Wasm.XR.csproj", "{FAB9C731-51E5-4908-B4A8-D9B74A099A64}"
EndProject
Global
	GlobalSection(SolutionConfigurationPlatforms) = preSolution
		Debug|Any CPU = Debug|Any CPU
		Release|Any CPU = Release|Any CPU
	EndGlobalSection
	GlobalSection(ProjectConfigurationPlatforms) = postSolution
		{619E2020-0895-47BA-8BA5-295A51078068}.Debug|Any CPU.ActiveCfg = Debug|Any CPU
		{619E2020-0895-47BA-8BA5-295A51078068}.Debug|Any CPU.Build.0 = Debug|Any CPU
		{619E2020-0895-47BA-8BA5-295A51078068}.Release|Any CPU.ActiveCfg = Release|Any CPU
		{619E2020-0895-47BA-8BA5-295A51078068}.Release|Any CPU.Build.0 = Release|Any CPU
		{91D886B5-8FA5-4550-8DFF-9C768F4E4222}.Debug|Any CPU.ActiveCfg = Debug|Any CPU
		{91D886B5-8FA5-4550-8DFF-9C768F4E4222}.Debug|Any CPU.Build.0 = Debug|Any CPU
		{91D886B5-8FA5-4550-8DFF-9C768F4E4222}.Release|Any CPU.ActiveCfg = Release|Any CPU
		{91D886B5-8FA5-4550-8DFF-9C768F4E4222}.Release|Any CPU.Build.0 = Release|Any CPU
		{35C2CDBB-25C8-4686-BD3D-E38F8FD9FCFB}.Debug|Any CPU.ActiveCfg = Debug|Any CPU
		{35C2CDBB-25C8-4686-BD3D-E38F8FD9FCFB}.Debug|Any CPU.Build.0 = Debug|Any CPU
		{35C2CDBB-25C8-4686-BD3D-E38F8FD9FCFB}.Release|Any CPU.ActiveCfg = Release|Any CPU
		{35C2CDBB-25C8-4686-BD3D-E38F8FD9FCFB}.Release|Any CPU.Build.0 = Release|Any CPU
		{FEDEDB57-5A62-8167-46B7-4B294AD61B6B}.Debug|Any CPU.ActiveCfg = Debug|Any CPU
		{FEDEDB57-5A62-8167-46B7-4B294AD61B6B}.Debug|Any CPU.Build.0 = Debug|Any CPU
		{FEDEDB57-5A62-8167-46B7-4B294AD61B6B}.Release|Any CPU.ActiveCfg = Release|Any CPU
		{FEDEDB57-5A62-8167-46B7-4B294AD61B6B}.Release|Any CPU.Build.0 = Release|Any CPU
		{0BE3D70C-A8E1-4EB6-8BEB-20E144534260}.Debug|Any CPU.ActiveCfg = Debug|Any CPU
		{0BE3D70C-A8E1-4EB6-8BEB-20E144534260}.Debug|Any CPU.Build.0 = Debug|Any CPU
		{0BE3D70C-A8E1-4EB6-8BEB-20E144534260}.Release|Any CPU.ActiveCfg = Release|Any CPU
		{0BE3D70C-A8E1-4EB6-8BEB-20E144534260}.Release|Any CPU.Build.0 = Release|Any CPU
		{82123812-2A24-4683-A470-89DE71431D28}.Debug|Any CPU.ActiveCfg = Debug|Any CPU
		{82123812-2A24-4683-A470-89DE71431D28}.Debug|Any CPU.Build.0 = Debug|Any CPU
		{82123812-2A24-4683-A470-89DE71431D28}.Release|Any CPU.ActiveCfg = Release|Any CPU
		{82123812-2A24-4683-A470-89DE71431D28}.Release|Any CPU.Build.0 = Release|Any CPU
		{FAB9C731-51E5-4908-B4A8-D9B74A099A64}.Debug|Any CPU.ActiveCfg = Debug|Any CPU
		{FAB9C731-51E5-4908-B4A8-D9B74A099A64}.Debug|Any CPU.Build.0 = Debug|Any CPU
		{FAB9C731-51E5-4908-B4A8-D9B74A099A64}.Release|Any CPU.ActiveCfg = Release|Any CPU
		{FAB9C731-51E5-4908-B4A8-D9B74A099A64}.Release|Any CPU.Build.0 = Release|Any CPU
	EndGlobalSection
	GlobalSection(SolutionProperties) = preSolution
		HideSolutionNode = FALSE
	EndGlobalSection
	GlobalSection(ExtensibilityGlobals) = postSolution
		SolutionGuid = {BEBA17B8-2DAF-44A3-A566-250E789C98C5}
	EndGlobalSection
EndGlobal
